
Microsoft Visual Studio Solution File, Format Version 12.00
# Visual Studio Express 2012 for Windows Desktop
Project("{FAE04EC0-301F-11D3-BF4B-00C04F79EFBC}") = "PvPCommandBlock", "PvPCommandBlock.csproj", "{417EF2E9-9E8C-4E76-A2C0-77586515C7EF}"
EndProject
Global
	GlobalSection(SolutionConfigurationPlatforms) = preSolution
		Debug|Any CPU = Debug|Any CPU
		Release|Any CPU = Release|Any CPU
	EndGlobalSection
	GlobalSection(ProjectConfigurationPlatforms) = postSolution
		{417EF2E9-9E8C-4E76-A2C0-77586515C7EF}.Debug|Any CPU.ActiveCfg = Release|Any CPU
		{417EF2E9-9E8C-4E76-A2C0-77586515C7EF}.Debug|Any CPU.Build.0 = Release|Any CPU
		{417EF2E9-9E8C-4E76-A2C0-77586515C7EF}.Release|Any CPU.ActiveCfg = Release|Any CPU
		{417EF2E9-9E8C-4E76-A2C0-77586515C7EF}.Release|Any CPU.Build.0 = Release|Any CPU
	EndGlobalSection
	GlobalSection(SolutionProperties) = preSolution
		HideSolutionNode = FALSE
	EndGlobalSection
EndGlobal
